<?xml version="1.0" encoding="utf-8"?>
<Project ToolsVersion="4.0" xmlns="http://schemas.microsoft.com/developer/msbuild/2003">
  <ItemGroup>
    <Filter Include="소스 파일">
      <UniqueIdentifier>{4FC737F1-C7A5-4376-A066-2A32D752A2FF}</UniqueIdentifier>
      <Extensions>cpp;c;cc;cxx;def;odl;idl;hpj;bat;asm;asmx</Extensions>
    </Filter>
    <Filter Include="헤더 파일">
      <UniqueIdentifier>{93995380-89BD-4b04-88EB-625FBE52EBFB}</UniqueIdentifier>
      <Extensions>h;hh;hpp;hxx;hm;inl;inc;xsd</Extensions>
    </Filter>
    <Filter Include="리소스 파일">
      <UniqueIdentifier>{67DA6AB6-F800-4c08-8B7A-83BB121AAD01}</UniqueIdentifier>
      <Extensions>rc;ico;cur;bmp;dlg;rc2;rct;bin;rgs;gif;jpg;jpeg;jpe;resx;tiff;tif;png;wav;mfcribbon-ms</Extensions>
    </Filter>
    <Filter Include="소스 파일\이항 계수">
      <UniqueIdentifier>{e99ffad3-1cdc-4150-960f-e05f70f02764}</UniqueIdentifier>
    </Filter>
    <Filter Include="소스 파일\피보나치 수">
      <UniqueIdentifier>{1868820c-6b05-4d26-bc91-5cc95484a2d3}</UniqueIdentifier>
    </Filter>
    <Filter Include="소스 파일\덱 사용하기">
      <UniqueIdentifier>{7be5c21f-9459-4593-b137-9f5022b29604}</UniqueIdentifier>
    </Filter>
    <Filter Include="소스 파일\큐 사용하기">
      <UniqueIdentifier>{3c4bc6d7-fa0d-434d-9cea-cd201271cc0f}</UniqueIdentifier>
    </Filter>
    <Filter Include="소스 파일\스텍 사용하기 %28기초%29">
      <UniqueIdentifier>{0b5d4215-fe73-4bd1-969f-ce1c7c950ad5}</UniqueIdentifier>
    </Filter>
    <Filter Include="소스 파일\소수 구하기">
      <UniqueIdentifier>{73b050b0-9df0-422e-aaac-1d0b5848650a}</UniqueIdentifier>
    </Filter>
    <Filter Include="소스 파일\정렬해보기">
      <UniqueIdentifier>{4891c6fb-c8f8-4e0d-949c-90a3da6dc986}</UniqueIdentifier>
    </Filter>
    <Filter Include="소스 파일\규칙 찾기 단계">
      <UniqueIdentifier>{e7565c4b-41b1-46c7-9d61-da5bb4f3e198}</UniqueIdentifier>
    </Filter>
    <Filter Include="소스 파일\1차원 배열 사용하기">
      <UniqueIdentifier>{78fcde66-727b-4216-8adb-e03bdde7da92}</UniqueIdentifier>
    </Filter>
    <Filter Include="소스 파일\동적 계획법 기초 단계">
      <UniqueIdentifier>{893d5b94-26a9-42f9-ac57-48985d5bc1c5}</UniqueIdentifier>
    </Filter>
    <Filter Include="소스 파일\for문 사용해보기 단계">
      <UniqueIdentifier>{af6fb416-0725-422d-8bbc-dcdd2c79fc54}</UniqueIdentifier>
    </Filter>
    <Filter Include="소스 파일\if문 사용해보기">
      <UniqueIdentifier>{65a91a34-b017-4335-9250-a1b9da920fba}</UniqueIdentifier>
    </Filter>
    <Filter Include="소스 파일\입/출력 받아보기">
      <UniqueIdentifier>{e7d584ee-a1c5-44b6-a77d-a4c9c8e251bf}</UniqueIdentifier>
    </Filter>
    <Filter Include="소스 파일\문자열 사용하기 단계">
      <UniqueIdentifier>{71599a3e-34fb-4f45-aedd-9eb15f3cc037}</UniqueIdentifier>
    </Filter>
    <Filter Include="소스 파일\시뮬레이션">
      <UniqueIdentifier>{127bffa6-c74d-4328-876f-9467afa2139c}</UniqueIdentifier>
    </Filter>
    <Filter Include="소스 파일\최대공약수/최소공배수">
      <UniqueIdentifier>{e665ab42-7ef2-441b-af59-f7894507c600}</UniqueIdentifier>
    </Filter>
  </ItemGroup>
  <ItemGroup>
    <ClCompile Include="랜덤발생기.cpp">
      <Filter>소스 파일</Filter>
    </ClCompile>
    <ClCompile Include="테스트용.cpp">
      <Filter>소스 파일</Filter>
    </ClCompile>
    <ClCompile Include="이항 계수 3(11401).cpp">
      <Filter>소스 파일\이항 계수</Filter>
    </ClCompile>
    <ClCompile Include="이항 계수 1(11050).cpp">
      <Filter>소스 파일\이항 계수</Filter>
    </ClCompile>
    <ClCompile Include="이항 계수 2(11051).cpp">
      <Filter>소스 파일\이항 계수</Filter>
    </ClCompile>
    <ClCompile Include="팩토리얼(10872).cpp">
      <Filter>소스 파일\이항 계수</Filter>
    </ClCompile>
    <ClCompile Include="패션왕 신해빈.cpp">
      <Filter>소스 파일\이항 계수</Filter>
    </ClCompile>
    <ClCompile Include="이항 쇼다운(6591).cpp">
      <Filter>소스 파일\이항 계수</Filter>
    </ClCompile>
    <ClCompile Include="피보나치 수(2747).cpp">
      <Filter>소스 파일\피보나치 수</Filter>
    </ClCompile>
    <ClCompile Include="피보나치 수2(2748).cpp">
      <Filter>소스 파일\피보나치 수</Filter>
    </ClCompile>
    <ClCompile Include="피보나치 수3(2749).cpp">
      <Filter>소스 파일\피보나치 수</Filter>
    </ClCompile>
    <ClCompile Include="피보나치 함수(1003).cpp">
      <Filter>소스 파일\피보나치 수</Filter>
    </ClCompile>
    <ClCompile Include="덱(10866).cpp">
      <Filter>소스 파일\덱 사용하기</Filter>
    </ClCompile>
    <ClCompile Include="AC(5430).cpp">
      <Filter>소스 파일\덱 사용하기</Filter>
    </ClCompile>
    <ClCompile Include="AC%285430%292.cpp">
      <Filter>소스 파일\덱 사용하기</Filter>
    </ClCompile>
    <ClCompile Include="회전하는 큐(1021).cpp">
      <Filter>소스 파일\덱 사용하기</Filter>
    </ClCompile>
    <ClCompile Include="큐(10845).cpp">
      <Filter>소스 파일\큐 사용하기</Filter>
    </ClCompile>
    <ClCompile Include="조세퍼스 문제(1158).cpp">
      <Filter>소스 파일\큐 사용하기</Filter>
    </ClCompile>
    <ClCompile Include="조세퍼스 문제 0(11866).cpp">
      <Filter>소스 파일\큐 사용하기</Filter>
    </ClCompile>
    <ClCompile Include="스텍 수열%281874%29.cpp">
      <Filter>소스 파일\스텍 사용하기 %28기초%29</Filter>
    </ClCompile>
    <ClCompile Include="괄호(9012).cpp">
      <Filter>소스 파일\스텍 사용하기 %28기초%29</Filter>
    </ClCompile>
    <ClCompile Include="괄호의 값(2504).cpp">
      <Filter>소스 파일\스텍 사용하기 %28기초%29</Filter>
    </ClCompile>
    <ClCompile Include="소수 구하기(1929).cpp">
      <Filter>소스 파일\소수 구하기</Filter>
    </ClCompile>
    <ClCompile Include="소수 찾기(1978).cpp">
      <Filter>소스 파일\소수 구하기</Filter>
    </ClCompile>
    <ClCompile Include="골드바흐의 추측(9020).cpp">
      <Filter>소스 파일\소수 구하기</Filter>
    </ClCompile>
    <ClCompile Include="베르트랑 공준(4948).cpp">
      <Filter>소스 파일\소수 구하기</Filter>
    </ClCompile>
    <ClCompile Include="통계학(2108).cpp">
      <Filter>소스 파일\정렬해보기</Filter>
    </ClCompile>
    <ClCompile Include="단어 정렬(1181).cpp">
      <Filter>소스 파일\정렬해보기</Filter>
    </ClCompile>
    <ClCompile Include="벌집(2292).cpp">
      <Filter>소스 파일\규칙 찾기 단계</Filter>
    </ClCompile>
    <ClCompile Include="분수찾기(1193).cpp">
      <Filter>소스 파일\규칙 찾기 단계</Filter>
    </ClCompile>
    <ClCompile Include="Fly me to the Alpha Centauri(1011).cpp">
      <Filter>소스 파일\규칙 찾기 단계</Filter>
    </ClCompile>
    <ClCompile Include="ACM호텔(10250).cpp">
      <Filter>소스 파일\규칙 찾기 단계</Filter>
    </ClCompile>
    <ClCompile Include="부녀회장이 퇼테야(2775).cpp">
      <Filter>소스 파일\규칙 찾기 단계</Filter>
    </ClCompile>
    <ClCompile Include="방 번호(1475).cpp">
      <Filter>소스 파일\규칙 찾기 단계</Filter>
    </ClCompile>
    <ClCompile Include="카잉달력(6064).cpp">
      <Filter>소스 파일\규칙 찾기 단계</Filter>
    </ClCompile>
    <ClCompile Include="OX퀴즈(8958).cpp">
      <Filter>소스 파일\1차원 배열 사용하기</Filter>
    </ClCompile>
    <ClCompile Include="RGB거리(1149).cpp">
      <Filter>소스 파일\동적 계획법 기초 단계</Filter>
    </ClCompile>
    <ClCompile Include="숫자삼각형(1932).cpp">
      <Filter>소스 파일\동적 계획법 기초 단계</Filter>
    </ClCompile>
    <ClCompile Include="내리막 길(1520).cpp">
      <Filter>소스 파일\동적 계획법 기초 단계</Filter>
    </ClCompile>
    <ClCompile Include="동전1(2293).cpp">
      <Filter>소스 파일\동적 계획법 기초 단계</Filter>
    </ClCompile>
    <ClCompile Include="ACM Craft(1005).cpp">
      <Filter>소스 파일\동적 계획법 기초 단계</Filter>
    </ClCompile>
    <ClCompile Include="파도반 수열(9461).cpp">
      <Filter>소스 파일\동적 계획법 기초 단계</Filter>
    </ClCompile>
    <ClCompile Include="조합%282407%29.cpp">
      <Filter>소스 파일\이항 계수</Filter>
    </ClCompile>
    <ClCompile Include="숫자의 합%2811720%29.cpp">
      <Filter>소스 파일\for문 사용해보기 단계</Filter>
    </ClCompile>
    <ClCompile Include="열 개씩 끊어 출력하기%2811721%29.cpp">
      <Filter>소스 파일\for문 사용해보기 단계</Filter>
    </ClCompile>
    <ClCompile Include="평균(1546).cpp">
      <Filter>소스 파일\if문 사용해보기</Filter>
    </ClCompile>
    <ClCompile Include="평균은 넘겠지(4344).cpp">
      <Filter>소스 파일\if문 사용해보기</Filter>
    </ClCompile>
    <ClCompile Include="그대로 출력하기%2811718%29.cpp">
      <Filter>소스 파일\입/출력 받아보기</Filter>
    </ClCompile>
    <ClCompile Include="단어의 개수(1152).cpp">
      <Filter>소스 파일\문자열 사용하기 단계</Filter>
    </ClCompile>
    <ClCompile Include="연속합%281912%29.cpp">
      <Filter>소스 파일\동적 계획법 기초 단계</Filter>
    </ClCompile>
    <ClCompile Include="LCS2%289252%29.cpp">
      <Filter>소스 파일\동적 계획법 기초 단계</Filter>
    </ClCompile>
    <ClCompile Include="LCS(9251).cpp">
      <Filter>소스 파일\동적 계획법 기초 단계</Filter>
    </ClCompile>
    <ClCompile Include="수열의 합(1024).cpp">
      <Filter>소스 파일\시뮬레이션</Filter>
    </ClCompile>
    <ClCompile Include="토너먼트(1057).cpp">
      <Filter>소스 파일\시뮬레이션</Filter>
    </ClCompile>
    <ClCompile Include="막대기%281094%29.cpp">
      <Filter>소스 파일\시뮬레이션</Filter>
    </ClCompile>
    <ClCompile Include="검문(2981).cpp">
      <Filter>소스 파일\최대공약수/최소공배수</Filter>
    </ClCompile>
    <ClCompile Include="리모컨(1107).cpp">
      <Filter>소스 파일\시뮬레이션</Filter>
    </ClCompile>
  </ItemGroup>
</Project>